{
    "_readme": [
        "This file locks the dependencies of your project to a known state",
        "Read more about it at https://getcomposer.org/doc/01-basic-usage.md#installing-dependencies",
        "This file is @generated automatically"
    ],
    "content-hash": "4ab418dce05ff1b46198908bcc986d2c",
    "packages": [
        {
            "name": "codeguy/upload",
            "version": "dev-master",
            "source": {
                "type": "git",
                "url": "https://github.com/KPMD-DEV/Upload",
                "reference": "6feb9e08e354b890fa256a1f7c4dd80cca8bcddc"
            },
            "dist": {
                "type": "zip",
                "url": "https://api.github.com/repos/KPMD-DEV/Upload/zipball/6feb9e08e354b890fa256a1f7c4dd80cca8bcddc",
                "reference": "6feb9e08e354b890fa256a1f7c4dd80cca8bcddc",
                "shasum": ""
            },
            "require": {
                "ext-fileinfo": "*",
                "php": ">=5.6.0"
            },
            "require-dev": {
                "phpunit/phpunit": "5.*"
            },
            "default-branch": true,
            "type": "library",
            "autoload": {
                "psr-4": {
                    "Upload\\": "src/Upload"
                }
            },
            "license": [
                "MIT"
            ],
            "authors": [
                {
                    "name": "Josh Lockhart",
                    "email": "info@joshlockhart.com",
                    "homepage": "https://github.com/codeguy/"
                }
            ],
            "description": "Handle file uploads with extensible validation and storage strategies",
            "homepage": "http://github.com/codeguy/Upload",
            "keywords": [
                "file",
                "upload",
                "validation"
            ],
            "time": "2024-03-22T18:00:09+00:00"
        }
    ],
    "packages-dev": [],
    "aliases": [],
    "minimum-stability": "stable",
    "stability-flags": {
        "codeguy/upload": 20
    },
    "prefer-stable": false,
    "prefer-lowest": false,
    "platform": {
        "ext-pdo": "*"
    },
    "platform-dev": [],
    "plugin-api-version": "2.6.0"
}
